
Microsoft Visual Studio Solution File, Format Version 12.00
# Visual Studio 15
VisualStudioVersion = 15.0.27703.2035
MinimumVisualStudioVersion = 10.0.40219.1
Project("{FAE04EC0-301F-11D3-BF4B-00C04F79EFBC}") = "Ball", "Ball\Ball.csproj", "{BDBC5927-899E-4C4C-AEE4-042F73CBB207}"
EndProject
Global
	GlobalSection(SolutionConfigurationPlatforms) = preSolution
		Debug|Any CPU = Debug|Any CPU
		Release|Any CPU = Release|Any CPU
	EndGlobalSection
	GlobalSection(ProjectConfigurationPlatforms) = postSolution
		{BDBC5927-899E-4C4C-AEE4-042F73CBB207}.Debug|Any CPU.ActiveCfg = Debug|Any CPU
		{BDBC5927-899E-4C4C-AEE4-042F73CBB207}.Debug|Any CPU.Build.0 = Debug|Any CPU
		{BDBC5927-899E-4C4C-AEE4-042F73CBB207}.Release|Any CPU.ActiveCfg = Release|Any CPU
		{BDBC5927-899E-4C4C-AEE4-042F73CBB207}.Release|Any CPU.Build.0 = Release|Any CPU
	EndGlobalSection
	GlobalSection(SolutionProperties) = preSolution
		HideSolutionNode = FALSE
	EndGlobalSection
	GlobalSection(ExtensibilityGlobals) = postSolution
		SolutionGuid = {DB169892-98F1-4C45-9D31-30965AE9ACF1}
	EndGlobalSection
EndGlobal
